
Microsoft Visual Studio Solution File, Format Version 12.00
# Visual Studio 15
VisualStudioVersion = 15.0.27703.2026
MinimumVisualStudioVersion = 10.0.40219.1
Project("{2150E333-8FDC-42A3-9474-1A3956D46DE8}") = "src", "src", "{435E7FC9-375D-44B8-950B-FDAEC19E376D}"
EndProject
Project("{FAE04EC0-301F-11D3-BF4B-00C04F79EFBC}") = "Sample.Web", "src\Sample.Web\Sample.Web.csproj", "{353ADEC8-2BF4-42E1-81E8-4D67660B277E}"
EndProject
Project("{9A19103F-16F7-4668-BE54-9A1E7A4F7556}") = "Sample.Core", "src\Sample.Core\Sample.Core.csproj", "{BE864BB3-42F1-4594-AB56-CCAA9CA11C0D}"
EndProject
Project("{9A19103F-16F7-4668-BE54-9A1E7A4F7556}") = "Sample.Caching", "src\Sample.Caching\Sample.Caching.csproj", "{6F4EDBDE-EE42-4877-8D89-7C86094DA90E}"
EndProject
Project("{FAE04EC0-301F-11D3-BF4B-00C04F79EFBC}") = "Sample.Bootstrapper", "src\Sample.Bootstrapper\Sample.Bootstrapper.csproj", "{2DB7BC5C-77D7-491A-B953-DEBDBC059047}"
EndProject
Project("{FAE04EC0-301F-11D3-BF4B-00C04F79EFBC}") = "Sample.Contracts", "src\Sample.Contracts\Sample.Contracts.csproj", "{17E39BA5-9335-46BE-AB38-9A2ADE3D7A17}"
EndProject
Project("{FAE04EC0-301F-11D3-BF4B-00C04F79EFBC}") = "Sample.Queries", "src\Sample.Queries\Sample.Queries.csproj", "{D202EAA5-7FC7-4C06-BF74-37242A4807AE}"
EndProject
Project("{FAE04EC0-301F-11D3-BF4B-00C04F79EFBC}") = "Sample.DataAccess", "src\Sample.DataAccess\Sample.DataAccess.csproj", "{CFE429AC-65E9-4888-BA49-00291A26A879}"
EndProject
Project("{FAE04EC0-301F-11D3-BF4B-00C04F79EFBC}") = "Sample.Entities", "src\Sample.Entities\Sample.Entities.csproj", "{DA23C663-9AA0-41CA-85F3-6B1CD0F9DBE7}"
EndProject
Global
	GlobalSection(SolutionConfigurationPlatforms) = preSolution
		Debug|Any CPU = Debug|Any CPU
		Release|Any CPU = Release|Any CPU
	EndGlobalSection
	GlobalSection(ProjectConfigurationPlatforms) = postSolution
		{353ADEC8-2BF4-42E1-81E8-4D67660B277E}.Debug|Any CPU.ActiveCfg = Debug|Any CPU
		{353ADEC8-2BF4-42E1-81E8-4D67660B277E}.Debug|Any CPU.Build.0 = Debug|Any CPU
		{353ADEC8-2BF4-42E1-81E8-4D67660B277E}.Release|Any CPU.ActiveCfg = Release|Any CPU
		{353ADEC8-2BF4-42E1-81E8-4D67660B277E}.Release|Any CPU.Build.0 = Release|Any CPU
		{BE864BB3-42F1-4594-AB56-CCAA9CA11C0D}.Debug|Any CPU.ActiveCfg = Debug|Any CPU
		{BE864BB3-42F1-4594-AB56-CCAA9CA11C0D}.Debug|Any CPU.Build.0 = Debug|Any CPU
		{BE864BB3-42F1-4594-AB56-CCAA9CA11C0D}.Release|Any CPU.ActiveCfg = Release|Any CPU
		{BE864BB3-42F1-4594-AB56-CCAA9CA11C0D}.Release|Any CPU.Build.0 = Release|Any CPU
		{6F4EDBDE-EE42-4877-8D89-7C86094DA90E}.Debug|Any CPU.ActiveCfg = Debug|Any CPU
		{6F4EDBDE-EE42-4877-8D89-7C86094DA90E}.Debug|Any CPU.Build.0 = Debug|Any CPU
		{6F4EDBDE-EE42-4877-8D89-7C86094DA90E}.Release|Any CPU.ActiveCfg = Release|Any CPU
		{6F4EDBDE-EE42-4877-8D89-7C86094DA90E}.Release|Any CPU.Build.0 = Release|Any CPU
		{2DB7BC5C-77D7-491A-B953-DEBDBC059047}.Debug|Any CPU.ActiveCfg = Debug|Any CPU
		{2DB7BC5C-77D7-491A-B953-DEBDBC059047}.Debug|Any CPU.Build.0 = Debug|Any CPU
		{2DB7BC5C-77D7-491A-B953-DEBDBC059047}.Release|Any CPU.ActiveCfg = Release|Any CPU
		{2DB7BC5C-77D7-491A-B953-DEBDBC059047}.Release|Any CPU.Build.0 = Release|Any CPU
		{17E39BA5-9335-46BE-AB38-9A2ADE3D7A17}.Debug|Any CPU.ActiveCfg = Debug|Any CPU
		{17E39BA5-9335-46BE-AB38-9A2ADE3D7A17}.Debug|Any CPU.Build.0 = Debug|Any CPU
		{17E39BA5-9335-46BE-AB38-9A2ADE3D7A17}.Release|Any CPU.ActiveCfg = Release|Any CPU
		{17E39BA5-9335-46BE-AB38-9A2ADE3D7A17}.Release|Any CPU.Build.0 = Release|Any CPU
		{D202EAA5-7FC7-4C06-BF74-37242A4807AE}.Debug|Any CPU.ActiveCfg = Debug|Any CPU
		{D202EAA5-7FC7-4C06-BF74-37242A4807AE}.Debug|Any CPU.Build.0 = Debug|Any CPU
		{D202EAA5-7FC7-4C06-BF74-37242A4807AE}.Release|Any CPU.ActiveCfg = Release|Any CPU
		{D202EAA5-7FC7-4C06-BF74-37242A4807AE}.Release|Any CPU.Build.0 = Release|Any CPU
		{CFE429AC-65E9-4888-BA49-00291A26A879}.Debug|Any CPU.ActiveCfg = Debug|Any CPU
		{CFE429AC-65E9-4888-BA49-00291A26A879}.Debug|Any CPU.Build.0 = Debug|Any CPU
		{CFE429AC-65E9-4888-BA49-00291A26A879}.Release|Any CPU.ActiveCfg = Release|Any CPU
		{CFE429AC-65E9-4888-BA49-00291A26A879}.Release|Any CPU.Build.0 = Release|Any CPU
		{DA23C663-9AA0-41CA-85F3-6B1CD0F9DBE7}.Debug|Any CPU.ActiveCfg = Debug|Any CPU
		{DA23C663-9AA0-41CA-85F3-6B1CD0F9DBE7}.Debug|Any CPU.Build.0 = Debug|Any CPU
		{DA23C663-9AA0-41CA-85F3-6B1CD0F9DBE7}.Release|Any CPU.ActiveCfg = Release|Any CPU
		{DA23C663-9AA0-41CA-85F3-6B1CD0F9DBE7}.Release|Any CPU.Build.0 = Release|Any CPU
	EndGlobalSection
	GlobalSection(SolutionProperties) = preSolution
		HideSolutionNode = FALSE
	EndGlobalSection
	GlobalSection(NestedProjects) = preSolution
		{353ADEC8-2BF4-42E1-81E8-4D67660B277E} = {435E7FC9-375D-44B8-950B-FDAEC19E376D}
		{BE864BB3-42F1-4594-AB56-CCAA9CA11C0D} = {435E7FC9-375D-44B8-950B-FDAEC19E376D}
		{6F4EDBDE-EE42-4877-8D89-7C86094DA90E} = {435E7FC9-375D-44B8-950B-FDAEC19E376D}
		{2DB7BC5C-77D7-491A-B953-DEBDBC059047} = {435E7FC9-375D-44B8-950B-FDAEC19E376D}
		{17E39BA5-9335-46BE-AB38-9A2ADE3D7A17} = {435E7FC9-375D-44B8-950B-FDAEC19E376D}
		{D202EAA5-7FC7-4C06-BF74-37242A4807AE} = {435E7FC9-375D-44B8-950B-FDAEC19E376D}
		{CFE429AC-65E9-4888-BA49-00291A26A879} = {435E7FC9-375D-44B8-950B-FDAEC19E376D}
		{DA23C663-9AA0-41CA-85F3-6B1CD0F9DBE7} = {435E7FC9-375D-44B8-950B-FDAEC19E376D}
	EndGlobalSection
	GlobalSection(ExtensibilityGlobals) = postSolution
		SolutionGuid = {55D1C851-485A-4B16-B721-98ADFCB65712}
	EndGlobalSection
EndGlobal
