
Microsoft Visual Studio Solution File, Format Version 12.00
# Visual Studio 15
VisualStudioVersion = 15.0.27703.2026
MinimumVisualStudioVersion = 10.0.40219.1
Project("{FAE04EC0-301F-11D3-BF4B-00C04F79EFBC}") = "XCache", "XCache\XCache.csproj", "{52ECF869-086E-4A91-83F3-75C917683DC5}"
EndProject
Project("{FAE04EC0-301F-11D3-BF4B-00C04F79EFBC}") = "Sample.Core", "Sample.Core\Sample.Core.csproj", "{5908B02C-F333-4C76-B796-E18AB3F764DC}"
EndProject
Global
	GlobalSection(SolutionConfigurationPlatforms) = preSolution
		Debug|Any CPU = Debug|Any CPU
		Release|Any CPU = Release|Any CPU
	EndGlobalSection
	GlobalSection(ProjectConfigurationPlatforms) = postSolution
		{52ECF869-086E-4A91-83F3-75C917683DC5}.Debug|Any CPU.ActiveCfg = Debug|Any CPU
		{52ECF869-086E-4A91-83F3-75C917683DC5}.Debug|Any CPU.Build.0 = Debug|Any CPU
		{52ECF869-086E-4A91-83F3-75C917683DC5}.Release|Any CPU.ActiveCfg = Release|Any CPU
		{52ECF869-086E-4A91-83F3-75C917683DC5}.Release|Any CPU.Build.0 = Release|Any CPU
		{5908B02C-F333-4C76-B796-E18AB3F764DC}.Debug|Any CPU.ActiveCfg = Debug|Any CPU
		{5908B02C-F333-4C76-B796-E18AB3F764DC}.Debug|Any CPU.Build.0 = Debug|Any CPU
		{5908B02C-F333-4C76-B796-E18AB3F764DC}.Release|Any CPU.ActiveCfg = Release|Any CPU
		{5908B02C-F333-4C76-B796-E18AB3F764DC}.Release|Any CPU.Build.0 = Release|Any CPU
	EndGlobalSection
	GlobalSection(SolutionProperties) = preSolution
		HideSolutionNode = FALSE
	EndGlobalSection
	GlobalSection(ExtensibilityGlobals) = postSolution
		SolutionGuid = {55D1C851-485A-4B16-B721-98ADFCB65712}
	EndGlobalSection
EndGlobal
